
Microsoft Visual Studio Solution File, Format Version 12.00
# Visual Studio Version 16
VisualStudioVersion = 16.0.34601.136
MinimumVisualStudioVersion = 10.0.40219.1
Project("{FAE04EC0-301F-11D3-BF4B-00C04F79EFBC}") = "POSMini", "POSMini\POSMini.csproj", "{C6596121-9863-4635-AA0B-8F7FBB6FD682}"
EndProject
Global
	GlobalSection(SolutionConfigurationPlatforms) = preSolution
		Debug|Any CPU = Debug|Any CPU
		Release|Any CPU = Release|Any CPU
	EndGlobalSection
	GlobalSection(ProjectConfigurationPlatforms) = postSolution
		{C6596121-9863-4635-AA0B-8F7FBB6FD682}.Debug|Any CPU.ActiveCfg = Debug|Any CPU
		{C6596121-9863-4635-AA0B-8F7FBB6FD682}.Debug|Any CPU.Build.0 = Debug|Any CPU
		{C6596121-9863-4635-AA0B-8F7FBB6FD682}.Release|Any CPU.ActiveCfg = Release|Any CPU
		{C6596121-9863-4635-AA0B-8F7FBB6FD682}.Release|Any CPU.Build.0 = Release|Any CPU
	EndGlobalSection
	GlobalSection(SolutionProperties) = preSolution
		HideSolutionNode = FALSE
	EndGlobalSection
	GlobalSection(ExtensibilityGlobals) = postSolution
		SolutionGuid = {FA0CAD9A-AF88-4437-85F0-6149FEBB8E74}
	EndGlobalSection
EndGlobal
